// !$*UTF8*$!
{
	archiveVersion = 1;
	classes = {
	};
	objectVersion = 56;
	objects = {

/* Begin PBXBuildFile section */
		D40776DF2CB07BB300713AE0 /* Kingfisher in Frameworks */ = {isa = PBXBuildFile; productRef = D40776DE2CB07BB300713AE0 /* Kingfisher */; };
		D40777062CB2339000713AE0 /* LexendDeca-VariableFont_wght.ttf in Resources */ = {isa = PBXBuildFile; fileRef = D40777052CB2339000713AE0 /* LexendDeca-VariableFont_wght.ttf */; };
		D41344142C92ED4D003400B9 /* ModeLinkApp.swift in Sources */ = {isa = PBXBuildFile; fileRef = D41344132C92ED4D003400B9 /* ModeLinkApp.swift */; };
		D41344162C92ED4D003400B9 /* ContentView.swift in Sources */ = {isa = PBXBuildFile; fileRef = D41344152C92ED4D003400B9 /* ContentView.swift */; };
		D41344182C92ED4E003400B9 /* Assets.xcassets in Resources */ = {isa = PBXBuildFile; fileRef = D41344172C92ED4E003400B9 /* Assets.xcassets */; };
		D413441B2C92ED4E003400B9 /* Preview Assets.xcassets in Resources */ = {isa = PBXBuildFile; fileRef = D413441A2C92ED4E003400B9 /* Preview Assets.xcassets */; };
		D41344222C92EF16003400B9 /* TaBarView.swift in Sources */ = {isa = PBXBuildFile; fileRef = D41344212C92EF16003400B9 /* TaBarView.swift */; };
		D41344242C92EFEB003400B9 /* ARview.swift in Sources */ = {isa = PBXBuildFile; fileRef = D41344232C92EFEB003400B9 /* ARview.swift */; };
		D41344262C93EA10003400B9 /* ArticleView.swift in Sources */ = {isa = PBXBuildFile; fileRef = D41344252C93EA10003400B9 /* ArticleView.swift */; };
		D41344282C93EAF4003400B9 /* IntroView.swift in Sources */ = {isa = PBXBuildFile; fileRef = D41344272C93EAF4003400B9 /* IntroView.swift */; };
		D413442A2C93EC13003400B9 /* MapView.swift in Sources */ = {isa = PBXBuildFile; fileRef = D41344292C93EC13003400B9 /* MapView.swift */; };
		D41B463D2CA12A850067D894 /* YouTubePlayerKit in Frameworks */ = {isa = PBXBuildFile; productRef = D41B463C2CA12A850067D894 /* YouTubePlayerKit */; };
		D41B46622CA24C2E0067D894 /* PersonalView.swift in Sources */ = {isa = PBXBuildFile; fileRef = D41B46612CA24C2E0067D894 /* PersonalView.swift */; };
		D458F08A2CA50B6A00216CB4 /* SignInView.swift in Sources */ = {isa = PBXBuildFile; fileRef = D458F0892CA50B6A00216CB4 /* SignInView.swift */; };
		D4A2BB992C967234000B9745 /* CreateButton.swift in Sources */ = {isa = PBXBuildFile; fileRef = D4A2BB982C967234000B9745 /* CreateButton.swift */; };
		D4A2BB9B2C967277000B9745 /* ARQuickLookView.swift in Sources */ = {isa = PBXBuildFile; fileRef = D4A2BB9A2C967277000B9745 /* ARQuickLookView.swift */; };
		D4A2BB9D2C967335000B9745 /* CaptureStateExtend.swift in Sources */ = {isa = PBXBuildFile; fileRef = D4A2BB9C2C967335000B9745 /* CaptureStateExtend.swift */; };
		D4A2BB9F2C9735F9000B9745 /* PostView.swift in Sources */ = {isa = PBXBuildFile; fileRef = D4A2BB9E2C9735F9000B9745 /* PostView.swift */; };
		D4A2BBA12C97BD25000B9745 /* ImagePicker.swift in Sources */ = {isa = PBXBuildFile; fileRef = D4A2BBA02C97BD25000B9745 /* ImagePicker.swift */; };
		D4A2BBAA2C97EC84000B9745 /* GoogleService-Info.plist in Resources */ = {isa = PBXBuildFile; fileRef = D4A2BBA92C97EC84000B9745 /* GoogleService-Info.plist */; };
		D4B14A512C9A7C6E00FD12E7 /* ModelListView.swift in Sources */ = {isa = PBXBuildFile; fileRef = D4B14A502C9A7C6E00FD12E7 /* ModelListView.swift */; };
		D4B14A572C9A7E0800FD12E7 /* SavedModelPreviewView.swift in Sources */ = {isa = PBXBuildFile; fileRef = D4B14A562C9A7E0800FD12E7 /* SavedModelPreviewView.swift */; };
		D4B14A5D2C9D248700FD12E7 /* IntroToolView.swift in Sources */ = {isa = PBXBuildFile; fileRef = D4B14A5C2C9D248700FD12E7 /* IntroToolView.swift */; };
		D4B14A5F2C9D24C700FD12E7 /* IntroSkillView.swift in Sources */ = {isa = PBXBuildFile; fileRef = D4B14A5E2C9D24C700FD12E7 /* IntroSkillView.swift */; };
		D4B14A632C9D704D00FD12E7 /* UploadDataView.swift in Sources */ = {isa = PBXBuildFile; fileRef = D4B14A622C9D704D00FD12E7 /* UploadDataView.swift */; };
		D4F585B02CAA441A004362EE /* IQKeyboardManagerSwift in Frameworks */ = {isa = PBXBuildFile; productRef = D4F585AF2CAA441A004362EE /* IQKeyboardManagerSwift */; };
		D4FE31D62CB8B34400B899CD /* SelectionView.swift in Sources */ = {isa = PBXBuildFile; fileRef = D4FE31D52CB8B34400B899CD /* SelectionView.swift */; };
		D4FE31D92CBCC43E00B899CD /* TestCrashView.swift in Sources */ = {isa = PBXBuildFile; fileRef = D4FE31D82CBCC43E00B899CD /* TestCrashView.swift */; };
		D4FE31DC2CBCC74200B899CD /* FirebaseAnalytics in Frameworks */ = {isa = PBXBuildFile; productRef = D4FE31DB2CBCC74200B899CD /* FirebaseAnalytics */; };
		D4FE31DE2CBCC74200B899CD /* FirebaseAnalyticsOnDeviceConversion in Frameworks */ = {isa = PBXBuildFile; productRef = D4FE31DD2CBCC74200B899CD /* FirebaseAnalyticsOnDeviceConversion */; };
		D4FE31E02CBCC74200B899CD /* FirebaseAnalyticsWithoutAdIdSupport in Frameworks */ = {isa = PBXBuildFile; productRef = D4FE31DF2CBCC74200B899CD /* FirebaseAnalyticsWithoutAdIdSupport */; };
		D4FE31E22CBCC74200B899CD /* FirebaseAppCheck in Frameworks */ = {isa = PBXBuildFile; productRef = D4FE31E12CBCC74200B899CD /* FirebaseAppCheck */; };
		D4FE31E42CBCC74200B899CD /* FirebaseAppDistribution-Beta in Frameworks */ = {isa = PBXBuildFile; productRef = D4FE31E32CBCC74200B899CD /* FirebaseAppDistribution-Beta */; };
		D4FE31E62CBCC74200B899CD /* FirebaseAuth in Frameworks */ = {isa = PBXBuildFile; productRef = D4FE31E52CBCC74200B899CD /* FirebaseAuth */; };
		D4FE31E82CBCC74200B899CD /* FirebaseAuthCombine-Community in Frameworks */ = {isa = PBXBuildFile; productRef = D4FE31E72CBCC74200B899CD /* FirebaseAuthCombine-Community */; };
		D4FE31EA2CBCC74200B899CD /* FirebaseCore in Frameworks */ = {isa = PBXBuildFile; productRef = D4FE31E92CBCC74200B899CD /* FirebaseCore */; };
		D4FE31EC2CBCC74200B899CD /* FirebaseCrashlytics in Frameworks */ = {isa = PBXBuildFile; productRef = D4FE31EB2CBCC74200B899CD /* FirebaseCrashlytics */; };
		D4FE31EE2CBCC74200B899CD /* FirebaseDatabase in Frameworks */ = {isa = PBXBuildFile; productRef = D4FE31ED2CBCC74200B899CD /* FirebaseDatabase */; };
		D4FE31F02CBCC74200B899CD /* FirebaseDynamicLinks in Frameworks */ = {isa = PBXBuildFile; productRef = D4FE31EF2CBCC74200B899CD /* FirebaseDynamicLinks */; };
		D4FE31F22CBCC74200B899CD /* FirebaseFirestore in Frameworks */ = {isa = PBXBuildFile; productRef = D4FE31F12CBCC74200B899CD /* FirebaseFirestore */; };
		D4FE31F42CBCC74200B899CD /* FirebaseFirestoreCombine-Community in Frameworks */ = {isa = PBXBuildFile; productRef = D4FE31F32CBCC74200B899CD /* FirebaseFirestoreCombine-Community */; };
		D4FE31F62CBCC74200B899CD /* FirebaseFunctions in Frameworks */ = {isa = PBXBuildFile; productRef = D4FE31F52CBCC74200B899CD /* FirebaseFunctions */; };
		D4FE31F82CBCC74200B899CD /* FirebaseFunctionsCombine-Community in Frameworks */ = {isa = PBXBuildFile; productRef = D4FE31F72CBCC74200B899CD /* FirebaseFunctionsCombine-Community */; };
		D4FE31FA2CBCC74200B899CD /* FirebaseInAppMessaging-Beta in Frameworks */ = {isa = PBXBuildFile; productRef = D4FE31F92CBCC74200B899CD /* FirebaseInAppMessaging-Beta */; };
		D4FE31FC2CBCC74200B899CD /* FirebaseInstallations in Frameworks */ = {isa = PBXBuildFile; productRef = D4FE31FB2CBCC74200B899CD /* FirebaseInstallations */; };
		D4FE31FE2CBCC74200B899CD /* FirebaseMLModelDownloader in Frameworks */ = {isa = PBXBuildFile; productRef = D4FE31FD2CBCC74200B899CD /* FirebaseMLModelDownloader */; };
		D4FE32002CBCC74200B899CD /* FirebaseMessaging in Frameworks */ = {isa = PBXBuildFile; productRef = D4FE31FF2CBCC74200B899CD /* FirebaseMessaging */; };
		D4FE32022CBCC74200B899CD /* FirebasePerformance in Frameworks */ = {isa = PBXBuildFile; productRef = D4FE32012CBCC74200B899CD /* FirebasePerformance */; };
		D4FE32042CBCC74200B899CD /* FirebaseRemoteConfig in Frameworks */ = {isa = PBXBuildFile; productRef = D4FE32032CBCC74200B899CD /* FirebaseRemoteConfig */; };
		D4FE32062CBCC74200B899CD /* FirebaseStorage in Frameworks */ = {isa = PBXBuildFile; productRef = D4FE32052CBCC74200B899CD /* FirebaseStorage */; };
		D4FE32082CBCC74200B899CD /* FirebaseStorageCombine-Community in Frameworks */ = {isa = PBXBuildFile; productRef = D4FE32072CBCC74200B899CD /* FirebaseStorageCombine-Community */; };
		D4FE320A2CBCC74200B899CD /* FirebaseVertexAI-Preview in Frameworks */ = {isa = PBXBuildFile; productRef = D4FE32092CBCC74200B899CD /* FirebaseVertexAI-Preview */; };
		D4FE320F2CC0D78800B899CD /* SignInViewModel.swift in Sources */ = {isa = PBXBuildFile; fileRef = D4FE320E2CC0D78800B899CD /* SignInViewModel.swift */; };
/* End PBXBuildFile section */

/* Begin PBXFileReference section */
		D40777052CB2339000713AE0 /* LexendDeca-VariableFont_wght.ttf */ = {isa = PBXFileReference; lastKnownFileType = file; path = "LexendDeca-VariableFont_wght.ttf"; sourceTree = "<group>"; };
		D41344102C92ED4D003400B9 /* ModeLink.app */ = {isa = PBXFileReference; explicitFileType = wrapper.application; includeInIndex = 0; path = ModeLink.app; sourceTree = BUILT_PRODUCTS_DIR; };
		D41344132C92ED4D003400B9 /* ModeLinkApp.swift */ = {isa = PBXFileReference; lastKnownFileType = sourcecode.swift; path = ModeLinkApp.swift; sourceTree = "<group>"; };
		D41344152C92ED4D003400B9 /* ContentView.swift */ = {isa = PBXFileReference; lastKnownFileType = sourcecode.swift; path = ContentView.swift; sourceTree = "<group>"; };
		D41344172C92ED4E003400B9 /* Assets.xcassets */ = {isa = PBXFileReference; lastKnownFileType = folder.assetcatalog; path = Assets.xcassets; sourceTree = "<group>"; };
		D413441A2C92ED4E003400B9 /* Preview Assets.xcassets */ = {isa = PBXFileReference; lastKnownFileType = folder.assetcatalog; path = "Preview Assets.xcassets"; sourceTree = "<group>"; };
		D41344212C92EF16003400B9 /* TaBarView.swift */ = {isa = PBXFileReference; lastKnownFileType = sourcecode.swift; path = TaBarView.swift; sourceTree = "<group>"; };
		D41344232C92EFEB003400B9 /* ARview.swift */ = {isa = PBXFileReference; lastKnownFileType = sourcecode.swift; path = ARview.swift; sourceTree = "<group>"; };
		D41344252C93EA10003400B9 /* ArticleView.swift */ = {isa = PBXFileReference; lastKnownFileType = sourcecode.swift; path = ArticleView.swift; sourceTree = "<group>"; };
		D41344272C93EAF4003400B9 /* IntroView.swift */ = {isa = PBXFileReference; lastKnownFileType = sourcecode.swift; path = IntroView.swift; sourceTree = "<group>"; };
		D41344292C93EC13003400B9 /* MapView.swift */ = {isa = PBXFileReference; lastKnownFileType = sourcecode.swift; path = MapView.swift; sourceTree = "<group>"; };
		D41B46612CA24C2E0067D894 /* PersonalView.swift */ = {isa = PBXFileReference; lastKnownFileType = sourcecode.swift; path = PersonalView.swift; sourceTree = "<group>"; };
		D458F0882CA50AF800216CB4 /* ModeLink.entitlements */ = {isa = PBXFileReference; lastKnownFileType = text.plist.entitlements; path = ModeLink.entitlements; sourceTree = "<group>"; };
		D458F0892CA50B6A00216CB4 /* SignInView.swift */ = {isa = PBXFileReference; lastKnownFileType = sourcecode.swift; path = SignInView.swift; sourceTree = "<group>"; };
		D4A2BB982C967234000B9745 /* CreateButton.swift */ = {isa = PBXFileReference; lastKnownFileType = sourcecode.swift; path = CreateButton.swift; sourceTree = "<group>"; };
		D4A2BB9A2C967277000B9745 /* ARQuickLookView.swift */ = {isa = PBXFileReference; lastKnownFileType = sourcecode.swift; path = ARQuickLookView.swift; sourceTree = "<group>"; };
		D4A2BB9C2C967335000B9745 /* CaptureStateExtend.swift */ = {isa = PBXFileReference; lastKnownFileType = sourcecode.swift; path = CaptureStateExtend.swift; sourceTree = "<group>"; };
		D4A2BB9E2C9735F9000B9745 /* PostView.swift */ = {isa = PBXFileReference; lastKnownFileType = sourcecode.swift; path = PostView.swift; sourceTree = "<group>"; };
		D4A2BBA02C97BD25000B9745 /* ImagePicker.swift */ = {isa = PBXFileReference; lastKnownFileType = sourcecode.swift; path = ImagePicker.swift; sourceTree = "<group>"; };
		D4A2BBA22C97BE47000B9745 /* Info.plist */ = {isa = PBXFileReference; lastKnownFileType = text.plist; path = Info.plist; sourceTree = "<group>"; };
		D4A2BBA92C97EC84000B9745 /* GoogleService-Info.plist */ = {isa = PBXFileReference; fileEncoding = 4; lastKnownFileType = text.plist.xml; path = "GoogleService-Info.plist"; sourceTree = "<group>"; };
		D4B14A502C9A7C6E00FD12E7 /* ModelListView.swift */ = {isa = PBXFileReference; lastKnownFileType = sourcecode.swift; path = ModelListView.swift; sourceTree = "<group>"; };
		D4B14A562C9A7E0800FD12E7 /* SavedModelPreviewView.swift */ = {isa = PBXFileReference; lastKnownFileType = sourcecode.swift; path = SavedModelPreviewView.swift; sourceTree = "<group>"; };
		D4B14A5C2C9D248700FD12E7 /* IntroToolView.swift */ = {isa = PBXFileReference; lastKnownFileType = sourcecode.swift; path = IntroToolView.swift; sourceTree = "<group>"; };
		D4B14A5E2C9D24C700FD12E7 /* IntroSkillView.swift */ = {isa = PBXFileReference; lastKnownFileType = sourcecode.swift; path = IntroSkillView.swift; sourceTree = "<group>"; };
		D4B14A622C9D704D00FD12E7 /* UploadDataView.swift */ = {isa = PBXFileReference; lastKnownFileType = sourcecode.swift; path = UploadDataView.swift; sourceTree = "<group>"; };
		D4FE31D52CB8B34400B899CD /* SelectionView.swift */ = {isa = PBXFileReference; lastKnownFileType = sourcecode.swift; path = SelectionView.swift; sourceTree = "<group>"; };
		D4FE31D82CBCC43E00B899CD /* TestCrashView.swift */ = {isa = PBXFileReference; lastKnownFileType = sourcecode.swift; path = TestCrashView.swift; sourceTree = "<group>"; };
		D4FE320E2CC0D78800B899CD /* SignInViewModel.swift */ = {isa = PBXFileReference; lastKnownFileType = sourcecode.swift; path = SignInViewModel.swift; sourceTree = "<group>"; };
/* End PBXFileReference section */

/* Begin PBXFrameworksBuildPhase section */
		D413440D2C92ED4D003400B9 /* Frameworks */ = {
			isa = PBXFrameworksBuildPhase;
			buildActionMask = 2147483647;
			files = (
				D4FE31F62CBCC74200B899CD /* FirebaseFunctions in Frameworks */,
				D4FE31EE2CBCC74200B899CD /* FirebaseDatabase in Frameworks */,
				D40776DF2CB07BB300713AE0 /* Kingfisher in Frameworks */,
				D4FE32062CBCC74200B899CD /* FirebaseStorage in Frameworks */,
				D4FE31E02CBCC74200B899CD /* FirebaseAnalyticsWithoutAdIdSupport in Frameworks */,
				D4FE31EA2CBCC74200B899CD /* FirebaseCore in Frameworks */,
				D4F585B02CAA441A004362EE /* IQKeyboardManagerSwift in Frameworks */,
				D4FE31FE2CBCC74200B899CD /* FirebaseMLModelDownloader in Frameworks */,
				D4FE31F02CBCC74200B899CD /* FirebaseDynamicLinks in Frameworks */,
				D4FE320A2CBCC74200B899CD /* FirebaseVertexAI-Preview in Frameworks */,
				D4FE31DE2CBCC74200B899CD /* FirebaseAnalyticsOnDeviceConversion in Frameworks */,
				D4FE31E62CBCC74200B899CD /* FirebaseAuth in Frameworks */,
				D4FE31F22CBCC74200B899CD /* FirebaseFirestore in Frameworks */,
				D4FE31F42CBCC74200B899CD /* FirebaseFirestoreCombine-Community in Frameworks */,
				D4FE31FA2CBCC74200B899CD /* FirebaseInAppMessaging-Beta in Frameworks */,
				D4FE31F82CBCC74200B899CD /* FirebaseFunctionsCombine-Community in Frameworks */,
				D4FE31E22CBCC74200B899CD /* FirebaseAppCheck in Frameworks */,
				D4FE32082CBCC74200B899CD /* FirebaseStorageCombine-Community in Frameworks */,
				D4FE32042CBCC74200B899CD /* FirebaseRemoteConfig in Frameworks */,
				D4FE31DC2CBCC74200B899CD /* FirebaseAnalytics in Frameworks */,
				D41B463D2CA12A850067D894 /* YouTubePlayerKit in Frameworks */,
				D4FE32022CBCC74200B899CD /* FirebasePerformance in Frameworks */,
				D4FE31EC2CBCC74200B899CD /* FirebaseCrashlytics in Frameworks */,
				D4FE31E42CBCC74200B899CD /* FirebaseAppDistribution-Beta in Frameworks */,
				D4FE31E82CBCC74200B899CD /* FirebaseAuthCombine-Community in Frameworks */,
				D4FE32002CBCC74200B899CD /* FirebaseMessaging in Frameworks */,
				D4FE31FC2CBCC74200B899CD /* FirebaseInstallations in Frameworks */,
			);
			runOnlyForDeploymentPostprocessing = 0;
		};
/* End PBXFrameworksBuildPhase section */

/* Begin PBXGroup section */
		D40776FE2CB2312E00713AE0 /* Font */ = {
			isa = PBXGroup;
			children = (
				D40777052CB2339000713AE0 /* LexendDeca-VariableFont_wght.ttf */,
			);
			path = Font;
			sourceTree = "<group>";
		};
		D41344072C92ED4D003400B9 = {
			isa = PBXGroup;
			children = (
				D41344122C92ED4D003400B9 /* ModeLink */,
				D41344112C92ED4D003400B9 /* Products */,
			);
			sourceTree = "<group>";
		};
		D41344112C92ED4D003400B9 /* Products */ = {
			isa = PBXGroup;
			children = (
				D41344102C92ED4D003400B9 /* ModeLink.app */,
			);
			name = Products;
			sourceTree = "<group>";
		};
		D41344122C92ED4D003400B9 /* ModeLink */ = {
			isa = PBXGroup;
			children = (
				D40776FE2CB2312E00713AE0 /* Font */,
				D458F0882CA50AF800216CB4 /* ModeLink.entitlements */,
				D4A2BBA22C97BE47000B9745 /* Info.plist */,
				D41344132C92ED4D003400B9 /* ModeLinkApp.swift */,
				D41344152C92ED4D003400B9 /* ContentView.swift */,
				D41344212C92EF16003400B9 /* TaBarView.swift */,
				D458F0892CA50B6A00216CB4 /* SignInView.swift */,
				D4FE320E2CC0D78800B899CD /* SignInViewModel.swift */,
				D41B46612CA24C2E0067D894 /* PersonalView.swift */,
				D41344252C93EA10003400B9 /* ArticleView.swift */,
				D4A2BB9E2C9735F9000B9745 /* PostView.swift */,
				D4A2BBA02C97BD25000B9745 /* ImagePicker.swift */,
				D4FE31D52CB8B34400B899CD /* SelectionView.swift */,
				D41344232C92EFEB003400B9 /* ARview.swift */,
				D4A2BB982C967234000B9745 /* CreateButton.swift */,
				D4A2BB9A2C967277000B9745 /* ARQuickLookView.swift */,
				D4A2BB9C2C967335000B9745 /* CaptureStateExtend.swift */,
				D4B14A502C9A7C6E00FD12E7 /* ModelListView.swift */,
				D4B14A562C9A7E0800FD12E7 /* SavedModelPreviewView.swift */,
				D41344272C93EAF4003400B9 /* IntroView.swift */,
				D4B14A5C2C9D248700FD12E7 /* IntroToolView.swift */,
				D4B14A5E2C9D24C700FD12E7 /* IntroSkillView.swift */,
				D41344292C93EC13003400B9 /* MapView.swift */,
				D4B14A622C9D704D00FD12E7 /* UploadDataView.swift */,
				D4FE31D82CBCC43E00B899CD /* TestCrashView.swift */,
				D4A2BBA92C97EC84000B9745 /* GoogleService-Info.plist */,
				D41344172C92ED4E003400B9 /* Assets.xcassets */,
				D41344192C92ED4E003400B9 /* Preview Content */,
			);
			path = ModeLink;
			sourceTree = "<group>";
		};
		D41344192C92ED4E003400B9 /* Preview Content */ = {
			isa = PBXGroup;
			children = (
				D413441A2C92ED4E003400B9 /* Preview Assets.xcassets */,
			);
			path = "Preview Content";
			sourceTree = "<group>";
		};
/* End PBXGroup section */

/* Begin PBXNativeTarget section */
		D413440F2C92ED4D003400B9 /* ModeLink */ = {
			isa = PBXNativeTarget;
			buildConfigurationList = D413441E2C92ED4E003400B9 /* Build configuration list for PBXNativeTarget "ModeLink" */;
			buildPhases = (
				D413440C2C92ED4D003400B9 /* Sources */,
				D413440D2C92ED4D003400B9 /* Frameworks */,
				D413440E2C92ED4D003400B9 /* Resources */,
				D4A2BBA82C97D573000B9745 /* ShellScript */,
				D4FE31D72CBCC3B100B899CD /* ShellScript */,
			);
			buildRules = (
			);
			dependencies = (
			);
			name = ModeLink;
			packageProductDependencies = (
				D41B463C2CA12A850067D894 /* YouTubePlayerKit */,
				D4F585AF2CAA441A004362EE /* IQKeyboardManagerSwift */,
				D40776DE2CB07BB300713AE0 /* Kingfisher */,
				D4FE31DB2CBCC74200B899CD /* FirebaseAnalytics */,
				D4FE31DD2CBCC74200B899CD /* FirebaseAnalyticsOnDeviceConversion */,
				D4FE31DF2CBCC74200B899CD /* FirebaseAnalyticsWithoutAdIdSupport */,
				D4FE31E12CBCC74200B899CD /* FirebaseAppCheck */,
				D4FE31E32CBCC74200B899CD /* FirebaseAppDistribution-Beta */,
				D4FE31E52CBCC74200B899CD /* FirebaseAuth */,
				D4FE31E72CBCC74200B899CD /* FirebaseAuthCombine-Community */,
				D4FE31E92CBCC74200B899CD /* FirebaseCore */,
				D4FE31EB2CBCC74200B899CD /* FirebaseCrashlytics */,
				D4FE31ED2CBCC74200B899CD /* FirebaseDatabase */,
				D4FE31EF2CBCC74200B899CD /* FirebaseDynamicLinks */,
				D4FE31F12CBCC74200B899CD /* FirebaseFirestore */,
				D4FE31F32CBCC74200B899CD /* FirebaseFirestoreCombine-Community */,
				D4FE31F52CBCC74200B899CD /* FirebaseFunctions */,
				D4FE31F72CBCC74200B899CD /* FirebaseFunctionsCombine-Community */,
				D4FE31F92CBCC74200B899CD /* FirebaseInAppMessaging-Beta */,
				D4FE31FB2CBCC74200B899CD /* FirebaseInstallations */,
				D4FE31FD2CBCC74200B899CD /* FirebaseMLModelDownloader */,
				D4FE31FF2CBCC74200B899CD /* FirebaseMessaging */,
				D4FE32012CBCC74200B899CD /* FirebasePerformance */,
				D4FE32032CBCC74200B899CD /* FirebaseRemoteConfig */,
				D4FE32052CBCC74200B899CD /* FirebaseStorage */,
				D4FE32072CBCC74200B899CD /* FirebaseStorageCombine-Community */,
				D4FE32092CBCC74200B899CD /* FirebaseVertexAI-Preview */,
			);
			productName = ModeLink;
			productReference = D41344102C92ED4D003400B9 /* ModeLink.app */;
			productType = "com.apple.product-type.application";
		};
/* End PBXNativeTarget section */

/* Begin PBXProject section */
		D41344082C92ED4D003400B9 /* Project object */ = {
			isa = PBXProject;
			attributes = {
				BuildIndependentTargetsInParallel = 1;
				LastSwiftUpdateCheck = 1540;
				LastUpgradeCheck = 1540;
				TargetAttributes = {
					D413440F2C92ED4D003400B9 = {
						CreatedOnToolsVersion = 15.4;
					};
				};
			};
			buildConfigurationList = D413440B2C92ED4D003400B9 /* Build configuration list for PBXProject "ModeLink" */;
			compatibilityVersion = "Xcode 14.0";
			developmentRegion = en;
			hasScannedForEncodings = 0;
			knownRegions = (
				en,
				Base,
			);
			mainGroup = D41344072C92ED4D003400B9;
			packageReferences = (
				D41B463B2CA12A850067D894 /* XCRemoteSwiftPackageReference "YouTubePlayerKit" */,
				D4F585AE2CAA441A004362EE /* XCRemoteSwiftPackageReference "IQKeyboardManager" */,
				D40776DD2CB07BB300713AE0 /* XCRemoteSwiftPackageReference "Kingfisher" */,
				D4FE31DA2CBCC74200B899CD /* XCRemoteSwiftPackageReference "firebase-ios-sdk" */,
			);
			productRefGroup = D41344112C92ED4D003400B9 /* Products */;
			projectDirPath = "";
			projectRoot = "";
			targets = (
				D413440F2C92ED4D003400B9 /* ModeLink */,
			);
		};
/* End PBXProject section */

/* Begin PBXResourcesBuildPhase section */
		D413440E2C92ED4D003400B9 /* Resources */ = {
			isa = PBXResourcesBuildPhase;
			buildActionMask = 2147483647;
			files = (
				D40777062CB2339000713AE0 /* LexendDeca-VariableFont_wght.ttf in Resources */,
				D413441B2C92ED4E003400B9 /* Preview Assets.xcassets in Resources */,
				D41344182C92ED4E003400B9 /* Assets.xcassets in Resources */,
				D4A2BBAA2C97EC84000B9745 /* GoogleService-Info.plist in Resources */,
			);
			runOnlyForDeploymentPostprocessing = 0;
		};
/* End PBXResourcesBuildPhase section */

/* Begin PBXShellScriptBuildPhase section */
		D4A2BBA82C97D573000B9745 /* ShellScript */ = {
			isa = PBXShellScriptBuildPhase;
			buildActionMask = 2147483647;
			files = (
			);
			inputFileListPaths = (
			);
			inputPaths = (
			);
			outputFileListPaths = (
			);
			outputPaths = (
			);
			runOnlyForDeploymentPostprocessing = 0;
			shellPath = /bin/sh;
			shellScript = "if [[ \"$(uname -m)\" == arm64 ]]; then\n    export PATH=\"/opt/homebrew/bin:$PATH\"\nfi\n\nif which swiftlint > /dev/null; then\n  swiftlint\nelse\n  echo \"warning: SwiftLint not installed, download from https://github.com/realm/SwiftLint\"\nfi\n";
		};
		D4FE31D72CBCC3B100B899CD /* ShellScript */ = {
			isa = PBXShellScriptBuildPhase;
			buildActionMask = 2147483647;
			files = (
			);
			inputFileListPaths = (
			);
			inputPaths = (
				"${DWARF_DSYM_FOLDER_PATH}/${DWARF_DSYM_FILE_NAME}/Contents/Resources/DWARF/${TARGET_NAME}",
				"$(SRCROOT)/$(BUILT_PRODUCTS_DIR)/$(INFOPLIST_PATH)",
			);
			outputFileListPaths = (
			);
			outputPaths = (
			);
			runOnlyForDeploymentPostprocessing = 0;
			shellPath = /bin/sh;
			shellScript = "# Type a script or drag a script file from your workspace to insert its path.\n\"${BUILD_DIR%Build/*}SourcePackages/checkouts/firebase-ios-sdk/Crashlytics/run\"\n";
		};
/* End PBXShellScriptBuildPhase section */

/* Begin PBXSourcesBuildPhase section */
		D413440C2C92ED4D003400B9 /* Sources */ = {
			isa = PBXSourcesBuildPhase;
			buildActionMask = 2147483647;
			files = (
				D413442A2C93EC13003400B9 /* MapView.swift in Sources */,
				D41344162C92ED4D003400B9 /* ContentView.swift in Sources */,
				D4A2BB9D2C967335000B9745 /* CaptureStateExtend.swift in Sources */,
				D4B14A5F2C9D24C700FD12E7 /* IntroSkillView.swift in Sources */,
				D4B14A5D2C9D248700FD12E7 /* IntroToolView.swift in Sources */,
				D41344242C92EFEB003400B9 /* ARview.swift in Sources */,
				D4FE31D92CBCC43E00B899CD /* TestCrashView.swift in Sources */,
				D41344262C93EA10003400B9 /* ArticleView.swift in Sources */,
				D4FE320F2CC0D78800B899CD /* SignInViewModel.swift in Sources */,
				D4B14A512C9A7C6E00FD12E7 /* ModelListView.swift in Sources */,
				D4B14A632C9D704D00FD12E7 /* UploadDataView.swift in Sources */,
				D4A2BB9B2C967277000B9745 /* ARQuickLookView.swift in Sources */,
				D458F08A2CA50B6A00216CB4 /* SignInView.swift in Sources */,
				D41344222C92EF16003400B9 /* TaBarView.swift in Sources */,
				D4A2BB992C967234000B9745 /* CreateButton.swift in Sources */,
				D41B46622CA24C2E0067D894 /* PersonalView.swift in Sources */,
				D4B14A572C9A7E0800FD12E7 /* SavedModelPreviewView.swift in Sources */,
				D41344142C92ED4D003400B9 /* ModeLinkApp.swift in Sources */,
				D4A2BBA12C97BD25000B9745 /* ImagePicker.swift in Sources */,
				D41344282C93EAF4003400B9 /* IntroView.swift in Sources */,
				D4A2BB9F2C9735F9000B9745 /* PostView.swift in Sources */,
				D4FE31D62CB8B34400B899CD /* SelectionView.swift in Sources */,
			);
			runOnlyForDeploymentPostprocessing = 0;
		};
/* End PBXSourcesBuildPhase section */

/* Begin XCBuildConfiguration section */
		D413441C2C92ED4E003400B9 /* Debug */ = {
			isa = XCBuildConfiguration;
			buildSettings = {
				ALWAYS_SEARCH_USER_PATHS = NO;
				ASSETCATALOG_COMPILER_GENERATE_SWIFT_ASSET_SYMBOL_EXTENSIONS = YES;
				CLANG_ANALYZER_NONNULL = YES;
				CLANG_ANALYZER_NUMBER_OBJECT_CONVERSION = YES_AGGRESSIVE;
				CLANG_CXX_LANGUAGE_STANDARD = "gnu++20";
				CLANG_ENABLE_MODULES = YES;
				CLANG_ENABLE_OBJC_ARC = YES;
				CLANG_ENABLE_OBJC_WEAK = YES;
				CLANG_WARN_BLOCK_CAPTURE_AUTORELEASING = YES;
				CLANG_WARN_BOOL_CONVERSION = YES;
				CLANG_WARN_COMMA = YES;
				CLANG_WARN_CONSTANT_CONVERSION = YES;
				CLANG_WARN_DEPRECATED_OBJC_IMPLEMENTATIONS = YES;
				CLANG_WARN_DIRECT_OBJC_ISA_USAGE = YES_ERROR;
				CLANG_WARN_DOCUMENTATION_COMMENTS = YES;
				CLANG_WARN_EMPTY_BODY = YES;
				CLANG_WARN_ENUM_CONVERSION = YES;
				CLANG_WARN_INFINITE_RECURSION = YES;
				CLANG_WARN_INT_CONVERSION = YES;
				CLANG_WARN_NON_LITERAL_NULL_CONVERSION = YES;
				CLANG_WARN_OBJC_IMPLICIT_RETAIN_SELF = YES;
				CLANG_WARN_OBJC_LITERAL_CONVERSION = YES;
				CLANG_WARN_OBJC_ROOT_CLASS = YES_ERROR;
				CLANG_WARN_QUOTED_INCLUDE_IN_FRAMEWORK_HEADER = YES;
				CLANG_WARN_RANGE_LOOP_ANALYSIS = YES;
				CLANG_WARN_STRICT_PROTOTYPES = YES;
				CLANG_WARN_SUSPICIOUS_MOVE = YES;
				CLANG_WARN_UNGUARDED_AVAILABILITY = YES_AGGRESSIVE;
				CLANG_WARN_UNREACHABLE_CODE = YES;
				CLANG_WARN__DUPLICATE_METHOD_MATCH = YES;
				COPY_PHASE_STRIP = NO;
				DEBUG_INFORMATION_FORMAT = dwarf;
				ENABLE_STRICT_OBJC_MSGSEND = YES;
				ENABLE_TESTABILITY = YES;
				ENABLE_USER_SCRIPT_SANDBOXING = NO;
				GCC_C_LANGUAGE_STANDARD = gnu17;
				GCC_DYNAMIC_NO_PIC = NO;
				GCC_NO_COMMON_BLOCKS = YES;
				GCC_OPTIMIZATION_LEVEL = 0;
				GCC_PREPROCESSOR_DEFINITIONS = (
					"DEBUG=1",
					"$(inherited)",
				);
				GCC_WARN_64_TO_32_BIT_CONVERSION = YES;
				GCC_WARN_ABOUT_RETURN_TYPE = YES_ERROR;
				GCC_WARN_UNDECLARED_SELECTOR = YES;
				GCC_WARN_UNINITIALIZED_AUTOS = YES_AGGRESSIVE;
				GCC_WARN_UNUSED_FUNCTION = YES;
				GCC_WARN_UNUSED_VARIABLE = YES;
				IPHONEOS_DEPLOYMENT_TARGET = 17.0;
				LOCALIZATION_PREFERS_STRING_CATALOGS = YES;
				MTL_ENABLE_DEBUG_INFO = INCLUDE_SOURCE;
				MTL_FAST_MATH = YES;
				ONLY_ACTIVE_ARCH = YES;
				SDKROOT = iphoneos;
				SWIFT_ACTIVE_COMPILATION_CONDITIONS = "DEBUG $(inherited)";
				SWIFT_OPTIMIZATION_LEVEL = "-Onone";
			};
			name = Debug;
		};
		D413441D2C92ED4E003400B9 /* Release */ = {
			isa = XCBuildConfiguration;
			buildSettings = {
				ALWAYS_SEARCH_USER_PATHS = NO;
				ASSETCATALOG_COMPILER_GENERATE_SWIFT_ASSET_SYMBOL_EXTENSIONS = YES;
				CLANG_ANALYZER_NONNULL = YES;
				CLANG_ANALYZER_NUMBER_OBJECT_CONVERSION = YES_AGGRESSIVE;
				CLANG_CXX_LANGUAGE_STANDARD = "gnu++20";
				CLANG_ENABLE_MODULES = YES;
				CLANG_ENABLE_OBJC_ARC = YES;
				CLANG_ENABLE_OBJC_WEAK = YES;
				CLANG_WARN_BLOCK_CAPTURE_AUTORELEASING = YES;
				CLANG_WARN_BOOL_CONVERSION = YES;
				CLANG_WARN_COMMA = YES;
				CLANG_WARN_CONSTANT_CONVERSION = YES;
				CLANG_WARN_DEPRECATED_OBJC_IMPLEMENTATIONS = YES;
				CLANG_WARN_DIRECT_OBJC_ISA_USAGE = YES_ERROR;
				CLANG_WARN_DOCUMENTATION_COMMENTS = YES;
				CLANG_WARN_EMPTY_BODY = YES;
				CLANG_WARN_ENUM_CONVERSION = YES;
				CLANG_WARN_INFINITE_RECURSION = YES;
				CLANG_WARN_INT_CONVERSION = YES;
				CLANG_WARN_NON_LITERAL_NULL_CONVERSION = YES;
				CLANG_WARN_OBJC_IMPLICIT_RETAIN_SELF = YES;
				CLANG_WARN_OBJC_LITERAL_CONVERSION = YES;
				CLANG_WARN_OBJC_ROOT_CLASS = YES_ERROR;
				CLANG_WARN_QUOTED_INCLUDE_IN_FRAMEWORK_HEADER = YES;
				CLANG_WARN_RANGE_LOOP_ANALYSIS = YES;
				CLANG_WARN_STRICT_PROTOTYPES = YES;
				CLANG_WARN_SUSPICIOUS_MOVE = YES;
				CLANG_WARN_UNGUARDED_AVAILABILITY = YES_AGGRESSIVE;
				CLANG_WARN_UNREACHABLE_CODE = YES;
				CLANG_WARN__DUPLICATE_METHOD_MATCH = YES;
				COPY_PHASE_STRIP = NO;
				DEBUG_INFORMATION_FORMAT = "dwarf-with-dsym";
				ENABLE_NS_ASSERTIONS = NO;
				ENABLE_STRICT_OBJC_MSGSEND = YES;
				ENABLE_USER_SCRIPT_SANDBOXING = NO;
				GCC_C_LANGUAGE_STANDARD = gnu17;
				GCC_NO_COMMON_BLOCKS = YES;
				GCC_WARN_64_TO_32_BIT_CONVERSION = YES;
				GCC_WARN_ABOUT_RETURN_TYPE = YES_ERROR;
				GCC_WARN_UNDECLARED_SELECTOR = YES;
				GCC_WARN_UNINITIALIZED_AUTOS = YES_AGGRESSIVE;
				GCC_WARN_UNUSED_FUNCTION = YES;
				GCC_WARN_UNUSED_VARIABLE = YES;
				IPHONEOS_DEPLOYMENT_TARGET = 17.0;
				LOCALIZATION_PREFERS_STRING_CATALOGS = YES;
				MTL_ENABLE_DEBUG_INFO = NO;
				MTL_FAST_MATH = YES;
				SDKROOT = iphoneos;
				SWIFT_COMPILATION_MODE = wholemodule;
				VALIDATE_PRODUCT = YES;
			};
			name = Release;
		};
		D413441F2C92ED4E003400B9 /* Debug */ = {
			isa = XCBuildConfiguration;
			buildSettings = {
				ASSETCATALOG_COMPILER_APPICON_NAME = AppIcon;
				ASSETCATALOG_COMPILER_GLOBAL_ACCENT_COLOR_NAME = AccentColor;
				CODE_SIGN_ENTITLEMENTS = ModeLink/ModeLink.entitlements;
				CODE_SIGN_STYLE = Automatic;
				CURRENT_PROJECT_VERSION = 1;
				DEBUG_INFORMATION_FORMAT = "dwarf-with-dsym";
				DEVELOPMENT_ASSET_PATHS = "\"ModeLink/Preview Content\"";
				DEVELOPMENT_TEAM = 38KQRPY27F;
				ENABLE_PREVIEWS = YES;
				GENERATE_INFOPLIST_FILE = YES;
				INFOPLIST_FILE = ModeLink/Info.plist;
				INFOPLIST_KEY_CFBundleDisplayName = ModeLink;
				INFOPLIST_KEY_NSCameraUsageDescription = "Need to use camera to scan the 3D models.";
				INFOPLIST_KEY_NSLocationWhenInUseUsageDescription = "Need to use user's location to find nearly model shop.";
				INFOPLIST_KEY_NSPhotoLibraryUsageDescription = "Need to use user photo to publish article.";
				INFOPLIST_KEY_UIApplicationSceneManifest_Generation = YES;
				INFOPLIST_KEY_UIApplicationSupportsIndirectInputEvents = YES;
				INFOPLIST_KEY_UILaunchScreen_Generation = YES;
				INFOPLIST_KEY_UISupportedInterfaceOrientations = UIInterfaceOrientationPortrait;
				INFOPLIST_KEY_UISupportedInterfaceOrientations_iPad = "UIInterfaceOrientationLandscapeLeft UIInterfaceOrientationLandscapeRight UIInterfaceOrientationPortrait UIInterfaceOrientationPortraitUpsideDown";
				IPHONEOS_DEPLOYMENT_TARGET = 17.0;
				LD_RUNPATH_SEARCH_PATHS = (
					"$(inherited)",
					"@executable_path/Frameworks",
				);
				MARKETING_VERSION = 1.0.4;
				PRODUCT_BUNDLE_IDENTIFIER = com.chihyunjhe.ModeLink;
				PRODUCT_NAME = "$(TARGET_NAME)";
				SUPPORTED_PLATFORMS = "iphoneos iphonesimulator";
				SUPPORTS_MACCATALYST = NO;
				SWIFT_EMIT_LOC_STRINGS = YES;
				SWIFT_VERSION = 5.0;
				TARGETED_DEVICE_FAMILY = 1;
			};
			name = Debug;
		};
		D41344202C92ED4E003400B9 /* Release */ = {
			isa = XCBuildConfiguration;
			buildSettings = {
				ASSETCATALOG_COMPILER_APPICON_NAME = AppIcon;
				ASSETCATALOG_COMPILER_GLOBAL_ACCENT_COLOR_NAME = AccentColor;
				CODE_SIGN_ENTITLEMENTS = ModeLink/ModeLink.entitlements;
				CODE_SIGN_STYLE = Automatic;
				CURRENT_PROJECT_VERSION = 1;
				DEVELOPMENT_ASSET_PATHS = "\"ModeLink/Preview Content\"";
				DEVELOPMENT_TEAM = 38KQRPY27F;
				ENABLE_PREVIEWS = YES;
				GENERATE_INFOPLIST_FILE = YES;
				INFOPLIST_FILE = ModeLink/Info.plist;
				INFOPLIST_KEY_CFBundleDisplayName = ModeLink;
				INFOPLIST_KEY_NSCameraUsageDescription = "Need to use camera to scan the 3D models.";
				INFOPLIST_KEY_NSLocationWhenInUseUsageDescription = "Need to use user's location to find nearly model shop.";
				INFOPLIST_KEY_NSPhotoLibraryUsageDescription = "Need to use user photo to publish article.";
				INFOPLIST_KEY_UIApplicationSceneManifest_Generation = YES;
				INFOPLIST_KEY_UIApplicationSupportsIndirectInputEvents = YES;
				INFOPLIST_KEY_UILaunchScreen_Generation = YES;
				INFOPLIST_KEY_UISupportedInterfaceOrientations = UIInterfaceOrientationPortrait;
				INFOPLIST_KEY_UISupportedInterfaceOrientations_iPad = "UIInterfaceOrientationLandscapeLeft UIInterfaceOrientationLandscapeRight UIInterfaceOrientationPortrait UIInterfaceOrientationPortraitUpsideDown";
				IPHONEOS_DEPLOYMENT_TARGET = 17.0;
				LD_RUNPATH_SEARCH_PATHS = (
					"$(inherited)",
					"@executable_path/Frameworks",
				);
				MARKETING_VERSION = 1.0.4;
				PRODUCT_BUNDLE_IDENTIFIER = com.chihyunjhe.ModeLink;
				PRODUCT_NAME = "$(TARGET_NAME)";
				SUPPORTED_PLATFORMS = "iphoneos iphonesimulator";
				SUPPORTS_MACCATALYST = NO;
				SWIFT_EMIT_LOC_STRINGS = YES;
				SWIFT_VERSION = 5.0;
				TARGETED_DEVICE_FAMILY = 1;
			};
			name = Release;
		};
/* End XCBuildConfiguration section */

/* Begin XCConfigurationList section */
		D413440B2C92ED4D003400B9 /* Build configuration list for PBXProject "ModeLink" */ = {
			isa = XCConfigurationList;
			buildConfigurations = (
				D413441C2C92ED4E003400B9 /* Debug */,
				D413441D2C92ED4E003400B9 /* Release */,
			);
			defaultConfigurationIsVisible = 0;
			defaultConfigurationName = Release;
		};
		D413441E2C92ED4E003400B9 /* Build configuration list for PBXNativeTarget "ModeLink" */ = {
			isa = XCConfigurationList;
			buildConfigurations = (
				D413441F2C92ED4E003400B9 /* Debug */,
				D41344202C92ED4E003400B9 /* Release */,
			);
			defaultConfigurationIsVisible = 0;
			defaultConfigurationName = Release;
		};
/* End XCConfigurationList section */

/* Begin XCRemoteSwiftPackageReference section */
		D40776DD2CB07BB300713AE0 /* XCRemoteSwiftPackageReference "Kingfisher" */ = {
			isa = XCRemoteSwiftPackageReference;
			repositoryURL = "https://github.com/onevcat/Kingfisher.git";
			requirement = {
				kind = upToNextMajorVersion;
				minimumVersion = 8.0.3;
			};
		};
		D41B463B2CA12A850067D894 /* XCRemoteSwiftPackageReference "YouTubePlayerKit" */ = {
			isa = XCRemoteSwiftPackageReference;
			repositoryURL = "https://github.com/SvenTiigi/YouTubePlayerKit";
			requirement = {
				kind = upToNextMajorVersion;
				minimumVersion = 1.9.0;
			};
		};
		D4F585AE2CAA441A004362EE /* XCRemoteSwiftPackageReference "IQKeyboardManager" */ = {
			isa = XCRemoteSwiftPackageReference;
			repositoryURL = "https://github.com/hackiftekhar/IQKeyboardManager.git";
			requirement = {
				kind = upToNextMajorVersion;
				minimumVersion = 7.1.1;
			};
		};
		D4FE31DA2CBCC74200B899CD /* XCRemoteSwiftPackageReference "firebase-ios-sdk" */ = {
			isa = XCRemoteSwiftPackageReference;
			repositoryURL = "https://github.com/firebase/firebase-ios-sdk";
			requirement = {
				kind = upToNextMajorVersion;
				minimumVersion = 11.3.0;
			};
		};
/* End XCRemoteSwiftPackageReference section */

/* Begin XCSwiftPackageProductDependency section */
		D40776DE2CB07BB300713AE0 /* Kingfisher */ = {
			isa = XCSwiftPackageProductDependency;
			package = D40776DD2CB07BB300713AE0 /* XCRemoteSwiftPackageReference "Kingfisher" */;
			productName = Kingfisher;
		};
		D41B463C2CA12A850067D894 /* YouTubePlayerKit */ = {
			isa = XCSwiftPackageProductDependency;
			package = D41B463B2CA12A850067D894 /* XCRemoteSwiftPackageReference "YouTubePlayerKit" */;
			productName = YouTubePlayerKit;
		};
		D4F585AF2CAA441A004362EE /* IQKeyboardManagerSwift */ = {
			isa = XCSwiftPackageProductDependency;
			package = D4F585AE2CAA441A004362EE /* XCRemoteSwiftPackageReference "IQKeyboardManager" */;
			productName = IQKeyboardManagerSwift;
		};
		D4FE31DB2CBCC74200B899CD /* FirebaseAnalytics */ = {
			isa = XCSwiftPackageProductDependency;
			package = D4FE31DA2CBCC74200B899CD /* XCRemoteSwiftPackageReference "firebase-ios-sdk" */;
			productName = FirebaseAnalytics;
		};
		D4FE31DD2CBCC74200B899CD /* FirebaseAnalyticsOnDeviceConversion */ = {
			isa = XCSwiftPackageProductDependency;
			package = D4FE31DA2CBCC74200B899CD /* XCRemoteSwiftPackageReference "firebase-ios-sdk" */;
			productName = FirebaseAnalyticsOnDeviceConversion;
		};
		D4FE31DF2CBCC74200B899CD /* FirebaseAnalyticsWithoutAdIdSupport */ = {
			isa = XCSwiftPackageProductDependency;
			package = D4FE31DA2CBCC74200B899CD /* XCRemoteSwiftPackageReference "firebase-ios-sdk" */;
			productName = FirebaseAnalyticsWithoutAdIdSupport;
		};
		D4FE31E12CBCC74200B899CD /* FirebaseAppCheck */ = {
			isa = XCSwiftPackageProductDependency;
			package = D4FE31DA2CBCC74200B899CD /* XCRemoteSwiftPackageReference "firebase-ios-sdk" */;
			productName = FirebaseAppCheck;
		};
		D4FE31E32CBCC74200B899CD /* FirebaseAppDistribution-Beta */ = {
			isa = XCSwiftPackageProductDependency;
			package = D4FE31DA2CBCC74200B899CD /* XCRemoteSwiftPackageReference "firebase-ios-sdk" */;
			productName = "FirebaseAppDistribution-Beta";
		};
		D4FE31E52CBCC74200B899CD /* FirebaseAuth */ = {
			isa = XCSwiftPackageProductDependency;
			package = D4FE31DA2CBCC74200B899CD /* XCRemoteSwiftPackageReference "firebase-ios-sdk" */;
			productName = FirebaseAuth;
		};
		D4FE31E72CBCC74200B899CD /* FirebaseAuthCombine-Community */ = {
			isa = XCSwiftPackageProductDependency;
			package = D4FE31DA2CBCC74200B899CD /* XCRemoteSwiftPackageReference "firebase-ios-sdk" */;
			productName = "FirebaseAuthCombine-Community";
		};
		D4FE31E92CBCC74200B899CD /* FirebaseCore */ = {
			isa = XCSwiftPackageProductDependency;
			package = D4FE31DA2CBCC74200B899CD /* XCRemoteSwiftPackageReference "firebase-ios-sdk" */;
			productName = FirebaseCore;
		};
		D4FE31EB2CBCC74200B899CD /* FirebaseCrashlytics */ = {
			isa = XCSwiftPackageProductDependency;
			package = D4FE31DA2CBCC74200B899CD /* XCRemoteSwiftPackageReference "firebase-ios-sdk" */;
			productName = FirebaseCrashlytics;
		};
		D4FE31ED2CBCC74200B899CD /* FirebaseDatabase */ = {
			isa = XCSwiftPackageProductDependency;
			package = D4FE31DA2CBCC74200B899CD /* XCRemoteSwiftPackageReference "firebase-ios-sdk" */;
			productName = FirebaseDatabase;
		};
		D4FE31EF2CBCC74200B899CD /* FirebaseDynamicLinks */ = {
			isa = XCSwiftPackageProductDependency;
			package = D4FE31DA2CBCC74200B899CD /* XCRemoteSwiftPackageReference "firebase-ios-sdk" */;
			productName = FirebaseDynamicLinks;
		};
		D4FE31F12CBCC74200B899CD /* FirebaseFirestore */ = {
			isa = XCSwiftPackageProductDependency;
			package = D4FE31DA2CBCC74200B899CD /* XCRemoteSwiftPackageReference "firebase-ios-sdk" */;
			productName = FirebaseFirestore;
		};
		D4FE31F32CBCC74200B899CD /* FirebaseFirestoreCombine-Community */ = {
			isa = XCSwiftPackageProductDependency;
			package = D4FE31DA2CBCC74200B899CD /* XCRemoteSwiftPackageReference "firebase-ios-sdk" */;
			productName = "FirebaseFirestoreCombine-Community";
		};
		D4FE31F52CBCC74200B899CD /* FirebaseFunctions */ = {
			isa = XCSwiftPackageProductDependency;
			package = D4FE31DA2CBCC74200B899CD /* XCRemoteSwiftPackageReference "firebase-ios-sdk" */;
			productName = FirebaseFunctions;
		};
		D4FE31F72CBCC74200B899CD /* FirebaseFunctionsCombine-Community */ = {
			isa = XCSwiftPackageProductDependency;
			package = D4FE31DA2CBCC74200B899CD /* XCRemoteSwiftPackageReference "firebase-ios-sdk" */;
			productName = "FirebaseFunctionsCombine-Community";
		};
		D4FE31F92CBCC74200B899CD /* FirebaseInAppMessaging-Beta */ = {
			isa = XCSwiftPackageProductDependency;
			package = D4FE31DA2CBCC74200B899CD /* XCRemoteSwiftPackageReference "firebase-ios-sdk" */;
			productName = "FirebaseInAppMessaging-Beta";
		};
		D4FE31FB2CBCC74200B899CD /* FirebaseInstallations */ = {
			isa = XCSwiftPackageProductDependency;
			package = D4FE31DA2CBCC74200B899CD /* XCRemoteSwiftPackageReference "firebase-ios-sdk" */;
			productName = FirebaseInstallations;
		};
		D4FE31FD2CBCC74200B899CD /* FirebaseMLModelDownloader */ = {
			isa = XCSwiftPackageProductDependency;
			package = D4FE31DA2CBCC74200B899CD /* XCRemoteSwiftPackageReference "firebase-ios-sdk" */;
			productName = FirebaseMLModelDownloader;
		};
		D4FE31FF2CBCC74200B899CD /* FirebaseMessaging */ = {
			isa = XCSwiftPackageProductDependency;
			package = D4FE31DA2CBCC74200B899CD /* XCRemoteSwiftPackageReference "firebase-ios-sdk" */;
			productName = FirebaseMessaging;
		};
		D4FE32012CBCC74200B899CD /* FirebasePerformance */ = {
			isa = XCSwiftPackageProductDependency;
			package = D4FE31DA2CBCC74200B899CD /* XCRemoteSwiftPackageReference "firebase-ios-sdk" */;
			productName = FirebasePerformance;
		};
		D4FE32032CBCC74200B899CD /* FirebaseRemoteConfig */ = {
			isa = XCSwiftPackageProductDependency;
			package = D4FE31DA2CBCC74200B899CD /* XCRemoteSwiftPackageReference "firebase-ios-sdk" */;
			productName = FirebaseRemoteConfig;
		};
		D4FE32052CBCC74200B899CD /* FirebaseStorage */ = {
			isa = XCSwiftPackageProductDependency;
			package = D4FE31DA2CBCC74200B899CD /* XCRemoteSwiftPackageReference "firebase-ios-sdk" */;
			productName = FirebaseStorage;
		};
		D4FE32072CBCC74200B899CD /* FirebaseStorageCombine-Community */ = {
			isa = XCSwiftPackageProductDependency;
			package = D4FE31DA2CBCC74200B899CD /* XCRemoteSwiftPackageReference "firebase-ios-sdk" */;
			productName = "FirebaseStorageCombine-Community";
		};
		D4FE32092CBCC74200B899CD /* FirebaseVertexAI-Preview */ = {
			isa = XCSwiftPackageProductDependency;
			package = D4FE31DA2CBCC74200B899CD /* XCRemoteSwiftPackageReference "firebase-ios-sdk" */;
			productName = "FirebaseVertexAI-Preview";
		};
/* End XCSwiftPackageProductDependency section */
	};
	rootObject = D41344082C92ED4D003400B9 /* Project object */;
}
